
Microsoft Visual Studio Solution File, Format Version 12.00
# Visual Studio Version 17
VisualStudioVersion = 17.9.34622.214
MinimumVisualStudioVersion = 10.0.40219.1
Project("{9A19103F-16F7-4668-BE54-9A1E7A4F7556}") = "task_management_backend", "task_management_backend.csproj", "{F55CA16F-860D-4CA1-9272-0DD788FF0F54}"
EndProject
Global
	GlobalSection(SolutionConfigurationPlatforms) = preSolution
		Debug|Any CPU = Debug|Any CPU
		Release|Any CPU = Release|Any CPU
	EndGlobalSection
	GlobalSection(ProjectConfigurationPlatforms) = postSolution
		{F55CA16F-860D-4CA1-9272-0DD788FF0F54}.Debug|Any CPU.ActiveCfg = Debug|Any CPU
		{F55CA16F-860D-4CA1-9272-0DD788FF0F54}.Debug|Any CPU.Build.0 = Debug|Any CPU
		{F55CA16F-860D-4CA1-9272-0DD788FF0F54}.Release|Any CPU.ActiveCfg = Release|Any CPU
		{F55CA16F-860D-4CA1-9272-0DD788FF0F54}.Release|Any CPU.Build.0 = Release|Any CPU
	EndGlobalSection
	GlobalSection(SolutionProperties) = preSolution
		HideSolutionNode = FALSE
	EndGlobalSection
	GlobalSection(ExtensibilityGlobals) = postSolution
		SolutionGuid = {CE4284D6-2CDF-401F-B601-F553DFC291BD}
	EndGlobalSection
EndGlobal
